
Microsoft Visual Studio Solution File, Format Version 12.00
# Visual Studio Version 17
VisualStudioVersion = 17.14.36327.8 d17.14
MinimumVisualStudioVersion = 10.0.40219.1
Project("{FAE04EC0-301F-11D3-BF4B-00C04F79EFBC}") = "Ejercicio3", "Ejercicio3.csproj", "{772A328D-F51A-4669-B96E-8AD9F2C42136}"
EndProject
Global
	GlobalSection(SolutionConfigurationPlatforms) = preSolution
		Debug|Any CPU = Debug|Any CPU
		Release|Any CPU = Release|Any CPU
	EndGlobalSection
	GlobalSection(ProjectConfigurationPlatforms) = postSolution
		{772A328D-F51A-4669-B96E-8AD9F2C42136}.Debug|Any CPU.ActiveCfg = Debug|Any CPU
		{772A328D-F51A-4669-B96E-8AD9F2C42136}.Debug|Any CPU.Build.0 = Debug|Any CPU
		{772A328D-F51A-4669-B96E-8AD9F2C42136}.Release|Any CPU.ActiveCfg = Release|Any CPU
		{772A328D-F51A-4669-B96E-8AD9F2C42136}.Release|Any CPU.Build.0 = Release|Any CPU
	EndGlobalSection
	GlobalSection(SolutionProperties) = preSolution
		HideSolutionNode = FALSE
	EndGlobalSection
	GlobalSection(ExtensibilityGlobals) = postSolution
		SolutionGuid = {DA6302E9-C00B-47CC-B745-74A507D0B8DD}
	EndGlobalSection
EndGlobal
